# THIS IS AN AUTOGENERATED FILE. DO NOT EDIT THIS FILE DIRECTLY.
# yarn lockfile v1


sonner@^2.0.7:
  version "2.0.7"
  resolved "https://registry.yarnpkg.com/sonner/-/sonner-2.0.7.tgz#810c1487a67ec3370126e0f400dfb9edddc3e4f6"
  integrity sha512-W6ZN4p58k8aDKA4XPcx2hpIQXBRAgyiWVkYhT7CvK6D3iAu7xjvVyhQHg2/iaKJZ1XVJ4r7XuwGL+WGEK37i9w==
